
Microsoft Visual Studio Solution File, Format Version 12.00
# Visual Studio 2015
Project("{FAE04EC0-301F-11D3-BF4B-00C04F79EFBC}") = "HorizonVR.CSharp", "HorizonVR.CSharp.csproj", "{533D7434-3EA6-8B3A-444B-858661D4BF17}"
EndProject
Project("{FAE04EC0-301F-11D3-BF4B-00C04F79EFBC}") = "HorizonVR.CSharp.Editor", "HorizonVR.CSharp.Editor.csproj", "{AEED5BCC-9C50-F0AC-A536-86929F7F2AC8}"
EndProject
Global
	GlobalSection(SolutionConfigurationPlatforms) = preSolution
		Debug|Any CPU = Debug|Any CPU
		Release|Any CPU = Release|Any CPU
	EndGlobalSection
	GlobalSection(ProjectConfigurationPlatforms) = postSolution
		{533D7434-3EA6-8B3A-444B-858661D4BF17}.Debug|Any CPU.ActiveCfg = Debug|Any CPU
		{533D7434-3EA6-8B3A-444B-858661D4BF17}.Debug|Any CPU.Build.0 = Debug|Any CPU
		{533D7434-3EA6-8B3A-444B-858661D4BF17}.Release|Any CPU.ActiveCfg = Release|Any CPU
		{533D7434-3EA6-8B3A-444B-858661D4BF17}.Release|Any CPU.Build.0 = Release|Any CPU
		{AEED5BCC-9C50-F0AC-A536-86929F7F2AC8}.Debug|Any CPU.ActiveCfg = Debug|Any CPU
		{AEED5BCC-9C50-F0AC-A536-86929F7F2AC8}.Debug|Any CPU.Build.0 = Debug|Any CPU
		{AEED5BCC-9C50-F0AC-A536-86929F7F2AC8}.Release|Any CPU.ActiveCfg = Release|Any CPU
		{AEED5BCC-9C50-F0AC-A536-86929F7F2AC8}.Release|Any CPU.Build.0 = Release|Any CPU
	EndGlobalSection
	GlobalSection(SolutionProperties) = preSolution
		HideSolutionNode = FALSE
	EndGlobalSection
EndGlobal
